
Microsoft Visual Studio Solution File, Format Version 12.00
# Visual Studio Version 17
VisualStudioVersion = 17.14.36705.20 d17.14
MinimumVisualStudioVersion = 10.0.40219.1
Project("{888888A0-9F3D-457C-B088-3A5042F75D52}") = "trabajo final algoritmos", "trabajo final algoritmos.pyproj", "{2587C4CC-F321-4E86-B066-7472124B1459}"
EndProject
Global
	GlobalSection(SolutionConfigurationPlatforms) = preSolution
		Debug|Any CPU = Debug|Any CPU
		Release|Any CPU = Release|Any CPU
	EndGlobalSection
	GlobalSection(ProjectConfigurationPlatforms) = postSolution
		{2587C4CC-F321-4E86-B066-7472124B1459}.Debug|Any CPU.ActiveCfg = Debug|Any CPU
		{2587C4CC-F321-4E86-B066-7472124B1459}.Release|Any CPU.ActiveCfg = Release|Any CPU
	EndGlobalSection
	GlobalSection(SolutionProperties) = preSolution
		HideSolutionNode = FALSE
	EndGlobalSection
	GlobalSection(ExtensibilityGlobals) = postSolution
		SolutionGuid = {0EFD0687-A777-48B3-BC50-3A56EB0F0F78}
	EndGlobalSection
EndGlobal
